
Microsoft Visual Studio Solution File, Format Version 12.00
# Visual Studio Version 17
VisualStudioVersion = 17.1.32421.90
MinimumVisualStudioVersion = 10.0.40219.1
Project("{9A19103F-16F7-4668-BE54-9A1E7A4F7556}") = "TestApis", "TestApis\TestApis.csproj", "{E82EC5ED-4BEE-4A4A-B7E4-D017766D0C46}"
EndProject
Project("{FAE04EC0-301F-11D3-BF4B-00C04F79EFBC}") = "TestApisTest", "TestApisTest\TestApisTest.csproj", "{912EE17B-D557-4010-BBE3-24ACEC09D66B}"
EndProject
Global
	GlobalSection(SolutionConfigurationPlatforms) = preSolution
		Debug|Any CPU = Debug|Any CPU
		Release|Any CPU = Release|Any CPU
	EndGlobalSection
	GlobalSection(ProjectConfigurationPlatforms) = postSolution
		{E82EC5ED-4BEE-4A4A-B7E4-D017766D0C46}.Debug|Any CPU.ActiveCfg = Debug|Any CPU
		{E82EC5ED-4BEE-4A4A-B7E4-D017766D0C46}.Debug|Any CPU.Build.0 = Debug|Any CPU
		{E82EC5ED-4BEE-4A4A-B7E4-D017766D0C46}.Release|Any CPU.ActiveCfg = Release|Any CPU
		{E82EC5ED-4BEE-4A4A-B7E4-D017766D0C46}.Release|Any CPU.Build.0 = Release|Any CPU
		{912EE17B-D557-4010-BBE3-24ACEC09D66B}.Debug|Any CPU.ActiveCfg = Debug|Any CPU
		{912EE17B-D557-4010-BBE3-24ACEC09D66B}.Debug|Any CPU.Build.0 = Debug|Any CPU
		{912EE17B-D557-4010-BBE3-24ACEC09D66B}.Release|Any CPU.ActiveCfg = Release|Any CPU
		{912EE17B-D557-4010-BBE3-24ACEC09D66B}.Release|Any CPU.Build.0 = Release|Any CPU
	EndGlobalSection
	GlobalSection(SolutionProperties) = preSolution
		HideSolutionNode = FALSE
	EndGlobalSection
	GlobalSection(ExtensibilityGlobals) = postSolution
		SolutionGuid = {569809FB-C3F9-4F8B-92E3-38B69A57B256}
	EndGlobalSection
EndGlobal
